
Microsoft Visual Studio Solution File, Format Version 12.00
# Visual Studio 14
VisualStudioVersion = 14.0.23107.0
MinimumVisualStudioVersion = 10.0.40219.1
Project("{FAE04EC0-301F-11D3-BF4B-00C04F79EFBC}") = "nameTextToArray", "nameTextToArray\nameTextToArray.csproj", "{F4401D1B-6F01-40D8-A9F9-B06FFC6F0CAD}"
EndProject
Global
	GlobalSection(SolutionConfigurationPlatforms) = preSolution
		Debug|Any CPU = Debug|Any CPU
		Release|Any CPU = Release|Any CPU
	EndGlobalSection
	GlobalSection(ProjectConfigurationPlatforms) = postSolution
		{F4401D1B-6F01-40D8-A9F9-B06FFC6F0CAD}.Debug|Any CPU.ActiveCfg = Debug|Any CPU
		{F4401D1B-6F01-40D8-A9F9-B06FFC6F0CAD}.Debug|Any CPU.Build.0 = Debug|Any CPU
		{F4401D1B-6F01-40D8-A9F9-B06FFC6F0CAD}.Release|Any CPU.ActiveCfg = Release|Any CPU
		{F4401D1B-6F01-40D8-A9F9-B06FFC6F0CAD}.Release|Any CPU.Build.0 = Release|Any CPU
	EndGlobalSection
	GlobalSection(SolutionProperties) = preSolution
		HideSolutionNode = FALSE
	EndGlobalSection
EndGlobal
